<?xml version="1.0" encoding="utf-8"?>
<Project ToolsVersion="4.0" xmlns="http://schemas.microsoft.com/developer/msbuild/2003">
  <ItemGroup>
    <ClCompile Include="..\..\evmc\lib\instructions\instruction_metrics.c" />
    <ClCompile Include="..\..\evmc\lib\instructions\instruction_names.c" />
  </ItemGroup>
  <ItemGroup>
    <ClInclude Include="..\..\evmc\include\evmc\evmc.h" />
    <ClInclude Include="..\..\evmc\include\evmc\instructions.h" />
    <ClInclude Include="..\..\evmc\include\evmc\utils.h" />
  </ItemGroup>
</Project>