
Microsoft Visual Studio Solution File, Format Version 12.00
# Visual Studio 14
VisualStudioVersion = 14.0.25420.1
MinimumVisualStudioVersion = 10.0.40219.1
Project("{8BC9CEB8-8B4A-11D0-8D11-00A0C91BC942}") = "ethereumapi", "ethereumapi.vcxproj", "{DB0255E4-C202-4F5D-9C2D-75532F0F32DB}"
EndProject
Project("{8BC9CEB8-8B4A-11D0-8D11-00A0C91BC942}") = "ethdevcorelib", "ethdevcorelib.vcxproj", "{9472A880-046C-405B-B4B7-C5AC5802AA19}"
EndProject
Project("{8BC9CEB8-8B4A-11D0-8D11-00A0C91BC942}") = "ethdevcryptolib", "ethdevcryptolib.vcxproj", "{6DECC66E-3B92-468B-BFD5-EEFC0AA9F7B8}"
	ProjectSection(ProjectDependencies) = postProject
		{9472A880-046C-405B-B4B7-C5AC5802AA19} = {9472A880-046C-405B-B4B7-C5AC5802AA19}
	EndProjectSection
EndProject
Project("{8BC9CEB8-8B4A-11D0-8D11-00A0C91BC942}") = "ethcorelib", "ethcorelib.vcxproj", "{37024B1B-EA06-48B2-B5A9-E9B0ABC6AA1C}"
	ProjectSection(ProjectDependencies) = postProject
		{6DECC66E-3B92-468B-BFD5-EEFC0AA9F7B8} = {6DECC66E-3B92-468B-BFD5-EEFC0AA9F7B8}
	EndProjectSection
EndProject
Project("{8BC9CEB8-8B4A-11D0-8D11-00A0C91BC942}") = "ethp2plib", "ethp2plib.vcxproj", "{3FE3B39D-545E-4B19-B3DC-502BD1621457}"
	ProjectSection(ProjectDependencies) = postProject
		{6DECC66E-3B92-468B-BFD5-EEFC0AA9F7B8} = {6DECC66E-3B92-468B-BFD5-EEFC0AA9F7B8}
	EndProjectSection
EndProject
Project("{8BC9CEB8-8B4A-11D0-8D11-00A0C91BC942}") = "ethvmlib", "ethvmlib.vcxproj", "{05CAF87B-14EE-4F01-8D78-BD0AABBBA51F}"
	ProjectSection(ProjectDependencies) = postProject
		{37024B1B-EA06-48B2-B5A9-E9B0ABC6AA1C} = {37024B1B-EA06-48B2-B5A9-E9B0ABC6AA1C}
		{DB0255E4-C202-4F5D-9C2D-75532F0F32DB} = {DB0255E4-C202-4F5D-9C2D-75532F0F32DB}
	EndProjectSection
EndProject
Project("{8BC9CEB8-8B4A-11D0-8D11-00A0C91BC942}") = "ethereumlib", "ethereumlib.vcxproj", "{43FDB4C2-B44D-44F1-97E7-E1DE2B2C87B5}"
	ProjectSection(ProjectDependencies) = postProject
		{05CAF87B-14EE-4F01-8D78-BD0AABBBA51F} = {05CAF87B-14EE-4F01-8D78-BD0AABBBA51F}
		{3FE3B39D-545E-4B19-B3DC-502BD1621457} = {3FE3B39D-545E-4B19-B3DC-502BD1621457}
	EndProjectSection
EndProject
Project("{8BC9CEB8-8B4A-11D0-8D11-00A0C91BC942}") = "ethweb3lib", "ethweb3lib.vcxproj", "{980F49D1-53F0-4A97-978C-308640FEF5EF}"
	ProjectSection(ProjectDependencies) = postProject
		{43FDB4C2-B44D-44F1-97E7-E1DE2B2C87B5} = {43FDB4C2-B44D-44F1-97E7-E1DE2B2C87B5}
	EndProjectSection
EndProject
Project("{8BC9CEB8-8B4A-11D0-8D11-00A0C91BC942}") = "ethweb3jsonrpclib", "ethweb3jsonrpclib.vcxproj", "{4AB96E2F-E4F4-4782-8725-DEBDA7167B1B}"
	ProjectSection(ProjectDependencies) = postProject
		{980F49D1-53F0-4A97-978C-308640FEF5EF} = {980F49D1-53F0-4A97-978C-308640FEF5EF}
	EndProjectSection
EndProject
Project("{2150E333-8FDC-42A3-9474-1A3956D46DE8}") = "tests", "tests", "{09FA4745-5F58-490A-9A7C-1BF2D1CFEA58}"
EndProject
Project("{8BC9CEB8-8B4A-11D0-8D11-00A0C91BC942}") = "ethtest", "ethtest.vcxproj", "{E4C8AB2C-9257-4F03-A26B-55AE11B95C2B}"
EndProject
Project("{8BC9CEB8-8B4A-11D0-8D11-00A0C91BC942}") = "aleth_buildinfo", "aleth_buildinfo.vcxproj", "{182AD3C6-A192-47BD-B181-17B5309E9D61}"
EndProject
Project("{8BC9CEB8-8B4A-11D0-8D11-00A0C91BC942}") = "aleth_interpreter", "aleth_interpreter.vcxproj", "{CD8C71E1-5BB7-4E00-82D1-A93CC188DE4D}"
EndProject
Project("{8BC9CEB8-8B4A-11D0-8D11-00A0C91BC942}") = "aleth", "aleth.vcxproj", "{553E8186-2F79-4E04-AA0C-1629E4401FF2}"
EndProject
Project("{8BC9CEB8-8B4A-11D0-8D11-00A0C91BC942}") = "aleth_vm", "aleth_vm.vcxproj", "{DDE5B690-88AC-498C-88A0-0738F129F926}"
EndProject
Project("{8BC9CEB8-8B4A-11D0-8D11-00A0C91BC942}") = "aleth_key", "aleth_key.vcxproj", "{271C5D33-A3F7-4C11-ACC9-D5F082EDCA79}"
EndProject
Project("{8BC9CEB8-8B4A-11D0-8D11-00A0C91BC942}") = "aleth_rlp", "aleth_rlp.vcxproj", "{8EF0189C-2EBF-4BEC-9D85-1E12F083DD9A}"
EndProject
Project("{8BC9CEB8-8B4A-11D0-8D11-00A0C91BC942}") = "ethashseallib", "ethashseal.vcxproj", "{19F4E772-E620-494A-9AAE-3075FA8A6F8D}"
	ProjectSection(ProjectDependencies) = postProject
		{43FDB4C2-B44D-44F1-97E7-E1DE2B2C87B5} = {43FDB4C2-B44D-44F1-97E7-E1DE2B2C87B5}
	EndProjectSection
EndProject
Project("{8BC9CEB8-8B4A-11D0-8D11-00A0C91BC942}") = "ethashlib", "ethashlib.vcxproj", "{1A03FEB1-BBA5-44F7-8669-ED45C3C820E4}"
EndProject
Project("{8BC9CEB8-8B4A-11D0-8D11-00A0C91BC942}") = "ethweb3jsonrpcdll", "ethweb3jsonrpcdll.vcxproj", "{FF22438D-A418-424E-9C1B-804F00368821}"
EndProject
Global
	GlobalSection(SolutionConfigurationPlatforms) = preSolution
		Debug|x64 = Debug|x64
		Debug|x86 = Debug|x86
		Release|x64 = Release|x64
		Release|x86 = Release|x86
	EndGlobalSection
	GlobalSection(ProjectConfigurationPlatforms) = postSolution
		{DB0255E4-C202-4F5D-9C2D-75532F0F32DB}.Debug|x64.ActiveCfg = Debug|x64
		{DB0255E4-C202-4F5D-9C2D-75532F0F32DB}.Debug|x64.Build.0 = Debug|x64
		{DB0255E4-C202-4F5D-9C2D-75532F0F32DB}.Debug|x86.ActiveCfg = Debug|Win32
		{DB0255E4-C202-4F5D-9C2D-75532F0F32DB}.Debug|x86.Build.0 = Debug|Win32
		{DB0255E4-C202-4F5D-9C2D-75532F0F32DB}.Release|x64.ActiveCfg = Release|x64
		{DB0255E4-C202-4F5D-9C2D-75532F0F32DB}.Release|x64.Build.0 = Release|x64
		{DB0255E4-C202-4F5D-9C2D-75532F0F32DB}.Release|x86.ActiveCfg = Release|Win32
		{DB0255E4-C202-4F5D-9C2D-75532F0F32DB}.Release|x86.Build.0 = Release|Win32
		{9472A880-046C-405B-B4B7-C5AC5802AA19}.Debug|x64.ActiveCfg = Debug|x64
		{9472A880-046C-405B-B4B7-C5AC5802AA19}.Debug|x64.Build.0 = Debug|x64
		{9472A880-046C-405B-B4B7-C5AC5802AA19}.Debug|x86.ActiveCfg = Debug|Win32
		{9472A880-046C-405B-B4B7-C5AC5802AA19}.Debug|x86.Build.0 = Debug|Win32
		{9472A880-046C-405B-B4B7-C5AC5802AA19}.Release|x64.ActiveCfg = Release|x64
		{9472A880-046C-405B-B4B7-C5AC5802AA19}.Release|x64.Build.0 = Release|x64
		{9472A880-046C-405B-B4B7-C5AC5802AA19}.Release|x86.ActiveCfg = Release|Win32
		{9472A880-046C-405B-B4B7-C5AC5802AA19}.Release|x86.Build.0 = Release|Win32
		{6DECC66E-3B92-468B-BFD5-EEFC0AA9F7B8}.Debug|x64.ActiveCfg = Debug|x64
		{6DECC66E-3B92-468B-BFD5-EEFC0AA9F7B8}.Debug|x64.Build.0 = Debug|x64
		{6DECC66E-3B92-468B-BFD5-EEFC0AA9F7B8}.Debug|x86.ActiveCfg = Debug|Win32
		{6DECC66E-3B92-468B-BFD5-EEFC0AA9F7B8}.Debug|x86.Build.0 = Debug|Win32
		{6DECC66E-3B92-468B-BFD5-EEFC0AA9F7B8}.Release|x64.ActiveCfg = Release|x64
		{6DECC66E-3B92-468B-BFD5-EEFC0AA9F7B8}.Release|x64.Build.0 = Release|x64
		{6DECC66E-3B92-468B-BFD5-EEFC0AA9F7B8}.Release|x86.ActiveCfg = Release|Win32
		{6DECC66E-3B92-468B-BFD5-EEFC0AA9F7B8}.Release|x86.Build.0 = Release|Win32
		{37024B1B-EA06-48B2-B5A9-E9B0ABC6AA1C}.Debug|x64.ActiveCfg = Debug|x64
		{37024B1B-EA06-48B2-B5A9-E9B0ABC6AA1C}.Debug|x64.Build.0 = Debug|x64
		{37024B1B-EA06-48B2-B5A9-E9B0ABC6AA1C}.Debug|x86.ActiveCfg = Debug|Win32
		{37024B1B-EA06-48B2-B5A9-E9B0ABC6AA1C}.Debug|x86.Build.0 = Debug|Win32
		{37024B1B-EA06-48B2-B5A9-E9B0ABC6AA1C}.Release|x64.ActiveCfg = Release|x64
		{37024B1B-EA06-48B2-B5A9-E9B0ABC6AA1C}.Release|x64.Build.0 = Release|x64
		{37024B1B-EA06-48B2-B5A9-E9B0ABC6AA1C}.Release|x86.ActiveCfg = Release|Win32
		{37024B1B-EA06-48B2-B5A9-E9B0ABC6AA1C}.Release|x86.Build.0 = Release|Win32
		{3FE3B39D-545E-4B19-B3DC-502BD1621457}.Debug|x64.ActiveCfg = Debug|x64
		{3FE3B39D-545E-4B19-B3DC-502BD1621457}.Debug|x64.Build.0 = Debug|x64
		{3FE3B39D-545E-4B19-B3DC-502BD1621457}.Debug|x86.ActiveCfg = Debug|Win32
		{3FE3B39D-545E-4B19-B3DC-502BD1621457}.Debug|x86.Build.0 = Debug|Win32
		{3FE3B39D-545E-4B19-B3DC-502BD1621457}.Release|x64.ActiveCfg = Release|x64
		{3FE3B39D-545E-4B19-B3DC-502BD1621457}.Release|x64.Build.0 = Release|x64
		{3FE3B39D-545E-4B19-B3DC-502BD1621457}.Release|x86.ActiveCfg = Release|Win32
		{3FE3B39D-545E-4B19-B3DC-502BD1621457}.Release|x86.Build.0 = Release|Win32
		{05CAF87B-14EE-4F01-8D78-BD0AABBBA51F}.Debug|x64.ActiveCfg = Debug|x64
		{05CAF87B-14EE-4F01-8D78-BD0AABBBA51F}.Debug|x64.Build.0 = Debug|x64
		{05CAF87B-14EE-4F01-8D78-BD0AABBBA51F}.Debug|x86.ActiveCfg = Debug|Win32
		{05CAF87B-14EE-4F01-8D78-BD0AABBBA51F}.Debug|x86.Build.0 = Debug|Win32
		{05CAF87B-14EE-4F01-8D78-BD0AABBBA51F}.Release|x64.ActiveCfg = Release|x64
		{05CAF87B-14EE-4F01-8D78-BD0AABBBA51F}.Release|x64.Build.0 = Release|x64
		{05CAF87B-14EE-4F01-8D78-BD0AABBBA51F}.Release|x86.ActiveCfg = Release|Win32
		{05CAF87B-14EE-4F01-8D78-BD0AABBBA51F}.Release|x86.Build.0 = Release|Win32
		{43FDB4C2-B44D-44F1-97E7-E1DE2B2C87B5}.Debug|x64.ActiveCfg = Debug|x64
		{43FDB4C2-B44D-44F1-97E7-E1DE2B2C87B5}.Debug|x64.Build.0 = Debug|x64
		{43FDB4C2-B44D-44F1-97E7-E1DE2B2C87B5}.Debug|x86.ActiveCfg = Debug|Win32
		{43FDB4C2-B44D-44F1-97E7-E1DE2B2C87B5}.Debug|x86.Build.0 = Debug|Win32
		{43FDB4C2-B44D-44F1-97E7-E1DE2B2C87B5}.Release|x64.ActiveCfg = Release|x64
		{43FDB4C2-B44D-44F1-97E7-E1DE2B2C87B5}.Release|x64.Build.0 = Release|x64
		{43FDB4C2-B44D-44F1-97E7-E1DE2B2C87B5}.Release|x86.ActiveCfg = Release|Win32
		{43FDB4C2-B44D-44F1-97E7-E1DE2B2C87B5}.Release|x86.Build.0 = Release|Win32
		{980F49D1-53F0-4A97-978C-308640FEF5EF}.Debug|x64.ActiveCfg = Debug|x64
		{980F49D1-53F0-4A97-978C-308640FEF5EF}.Debug|x64.Build.0 = Debug|x64
		{980F49D1-53F0-4A97-978C-308640FEF5EF}.Debug|x86.ActiveCfg = Debug|Win32
		{980F49D1-53F0-4A97-978C-308640FEF5EF}.Debug|x86.Build.0 = Debug|Win32
		{980F49D1-53F0-4A97-978C-308640FEF5EF}.Release|x64.ActiveCfg = Release|x64
		{980F49D1-53F0-4A97-978C-308640FEF5EF}.Release|x64.Build.0 = Release|x64
		{980F49D1-53F0-4A97-978C-308640FEF5EF}.Release|x86.ActiveCfg = Release|Win32
		{980F49D1-53F0-4A97-978C-308640FEF5EF}.Release|x86.Build.0 = Release|Win32
		{4AB96E2F-E4F4-4782-8725-DEBDA7167B1B}.Debug|x64.ActiveCfg = Debug|x64
		{4AB96E2F-E4F4-4782-8725-DEBDA7167B1B}.Debug|x64.Build.0 = Debug|x64
		{4AB96E2F-E4F4-4782-8725-DEBDA7167B1B}.Debug|x86.ActiveCfg = Debug|Win32
		{4AB96E2F-E4F4-4782-8725-DEBDA7167B1B}.Debug|x86.Build.0 = Debug|Win32
		{4AB96E2F-E4F4-4782-8725-DEBDA7167B1B}.Release|x64.ActiveCfg = Release|x64
		{4AB96E2F-E4F4-4782-8725-DEBDA7167B1B}.Release|x64.Build.0 = Release|x64
		{4AB96E2F-E4F4-4782-8725-DEBDA7167B1B}.Release|x86.ActiveCfg = Release|Win32
		{4AB96E2F-E4F4-4782-8725-DEBDA7167B1B}.Release|x86.Build.0 = Release|Win32
		{E4C8AB2C-9257-4F03-A26B-55AE11B95C2B}.Debug|x64.ActiveCfg = Debug|x64
		{E4C8AB2C-9257-4F03-A26B-55AE11B95C2B}.Debug|x64.Build.0 = Debug|x64
		{E4C8AB2C-9257-4F03-A26B-55AE11B95C2B}.Debug|x86.ActiveCfg = Debug|Win32
		{E4C8AB2C-9257-4F03-A26B-55AE11B95C2B}.Debug|x86.Build.0 = Debug|Win32
		{E4C8AB2C-9257-4F03-A26B-55AE11B95C2B}.Release|x64.ActiveCfg = Release|x64
		{E4C8AB2C-9257-4F03-A26B-55AE11B95C2B}.Release|x64.Build.0 = Release|x64
		{E4C8AB2C-9257-4F03-A26B-55AE11B95C2B}.Release|x86.ActiveCfg = Release|Win32
		{E4C8AB2C-9257-4F03-A26B-55AE11B95C2B}.Release|x86.Build.0 = Release|Win32
		{182AD3C6-A192-47BD-B181-17B5309E9D61}.Debug|x64.ActiveCfg = Debug|x64
		{182AD3C6-A192-47BD-B181-17B5309E9D61}.Debug|x64.Build.0 = Debug|x64
		{182AD3C6-A192-47BD-B181-17B5309E9D61}.Debug|x86.ActiveCfg = Debug|Win32
		{182AD3C6-A192-47BD-B181-17B5309E9D61}.Debug|x86.Build.0 = Debug|Win32
		{182AD3C6-A192-47BD-B181-17B5309E9D61}.Release|x64.ActiveCfg = Release|x64
		{182AD3C6-A192-47BD-B181-17B5309E9D61}.Release|x64.Build.0 = Release|x64
		{182AD3C6-A192-47BD-B181-17B5309E9D61}.Release|x86.ActiveCfg = Release|Win32
		{182AD3C6-A192-47BD-B181-17B5309E9D61}.Release|x86.Build.0 = Release|Win32
		{CD8C71E1-5BB7-4E00-82D1-A93CC188DE4D}.Debug|x64.ActiveCfg = Debug|x64
		{CD8C71E1-5BB7-4E00-82D1-A93CC188DE4D}.Debug|x64.Build.0 = Debug|x64
		{CD8C71E1-5BB7-4E00-82D1-A93CC188DE4D}.Debug|x86.ActiveCfg = Debug|Win32
		{CD8C71E1-5BB7-4E00-82D1-A93CC188DE4D}.Debug|x86.Build.0 = Debug|Win32
		{CD8C71E1-5BB7-4E00-82D1-A93CC188DE4D}.Release|x64.ActiveCfg = Release|x64
		{CD8C71E1-5BB7-4E00-82D1-A93CC188DE4D}.Release|x64.Build.0 = Release|x64
		{CD8C71E1-5BB7-4E00-82D1-A93CC188DE4D}.Release|x86.ActiveCfg = Release|Win32
		{CD8C71E1-5BB7-4E00-82D1-A93CC188DE4D}.Release|x86.Build.0 = Release|Win32
		{553E8186-2F79-4E04-AA0C-1629E4401FF2}.Debug|x64.ActiveCfg = Debug|x64
		{553E8186-2F79-4E04-AA0C-1629E4401FF2}.Debug|x64.Build.0 = Debug|x64
		{553E8186-2F79-4E04-AA0C-1629E4401FF2}.Debug|x86.ActiveCfg = Debug|Win32
		{553E8186-2F79-4E04-AA0C-1629E4401FF2}.Debug|x86.Build.0 = Debug|Win32
		{553E8186-2F79-4E04-AA0C-1629E4401FF2}.Release|x64.ActiveCfg = Release|x64
		{553E8186-2F79-4E04-AA0C-1629E4401FF2}.Release|x64.Build.0 = Release|x64
		{553E8186-2F79-4E04-AA0C-1629E4401FF2}.Release|x86.ActiveCfg = Release|Win32
		{553E8186-2F79-4E04-AA0C-1629E4401FF2}.Release|x86.Build.0 = Release|Win32
		{DDE5B690-88AC-498C-88A0-0738F129F926}.Debug|x64.ActiveCfg = Debug|x64
		{DDE5B690-88AC-498C-88A0-0738F129F926}.Debug|x64.Build.0 = Debug|x64
		{DDE5B690-88AC-498C-88A0-0738F129F926}.Debug|x86.ActiveCfg = Debug|Win32
		{DDE5B690-88AC-498C-88A0-0738F129F926}.Debug|x86.Build.0 = Debug|Win32
		{DDE5B690-88AC-498C-88A0-0738F129F926}.Release|x64.ActiveCfg = Release|x64
		{DDE5B690-88AC-498C-88A0-0738F129F926}.Release|x64.Build.0 = Release|x64
		{DDE5B690-88AC-498C-88A0-0738F129F926}.Release|x86.ActiveCfg = Release|Win32
		{DDE5B690-88AC-498C-88A0-0738F129F926}.Release|x86.Build.0 = Release|Win32
		{271C5D33-A3F7-4C11-ACC9-D5F082EDCA79}.Debug|x64.ActiveCfg = Debug|x64
		{271C5D33-A3F7-4C11-ACC9-D5F082EDCA79}.Debug|x64.Build.0 = Debug|x64
		{271C5D33-A3F7-4C11-ACC9-D5F082EDCA79}.Debug|x86.ActiveCfg = Debug|Win32
		{271C5D33-A3F7-4C11-ACC9-D5F082EDCA79}.Debug|x86.Build.0 = Debug|Win32
		{271C5D33-A3F7-4C11-ACC9-D5F082EDCA79}.Release|x64.ActiveCfg = Release|x64
		{271C5D33-A3F7-4C11-ACC9-D5F082EDCA79}.Release|x64.Build.0 = Release|x64
		{271C5D33-A3F7-4C11-ACC9-D5F082EDCA79}.Release|x86.ActiveCfg = Release|Win32
		{271C5D33-A3F7-4C11-ACC9-D5F082EDCA79}.Release|x86.Build.0 = Release|Win32
		{8EF0189C-2EBF-4BEC-9D85-1E12F083DD9A}.Debug|x64.ActiveCfg = Debug|x64
		{8EF0189C-2EBF-4BEC-9D85-1E12F083DD9A}.Debug|x64.Build.0 = Debug|x64
		{8EF0189C-2EBF-4BEC-9D85-1E12F083DD9A}.Debug|x86.ActiveCfg = Debug|Win32
		{8EF0189C-2EBF-4BEC-9D85-1E12F083DD9A}.Debug|x86.Build.0 = Debug|Win32
		{8EF0189C-2EBF-4BEC-9D85-1E12F083DD9A}.Release|x64.ActiveCfg = Release|x64
		{8EF0189C-2EBF-4BEC-9D85-1E12F083DD9A}.Release|x64.Build.0 = Release|x64
		{8EF0189C-2EBF-4BEC-9D85-1E12F083DD9A}.Release|x86.ActiveCfg = Release|Win32
		{8EF0189C-2EBF-4BEC-9D85-1E12F083DD9A}.Release|x86.Build.0 = Release|Win32
		{19F4E772-E620-494A-9AAE-3075FA8A6F8D}.Debug|x64.ActiveCfg = Debug|x64
		{19F4E772-E620-494A-9AAE-3075FA8A6F8D}.Debug|x64.Build.0 = Debug|x64
		{19F4E772-E620-494A-9AAE-3075FA8A6F8D}.Debug|x86.ActiveCfg = Debug|Win32
		{19F4E772-E620-494A-9AAE-3075FA8A6F8D}.Debug|x86.Build.0 = Debug|Win32
		{19F4E772-E620-494A-9AAE-3075FA8A6F8D}.Release|x64.ActiveCfg = Release|x64
		{19F4E772-E620-494A-9AAE-3075FA8A6F8D}.Release|x64.Build.0 = Release|x64
		{19F4E772-E620-494A-9AAE-3075FA8A6F8D}.Release|x86.ActiveCfg = Release|Win32
		{19F4E772-E620-494A-9AAE-3075FA8A6F8D}.Release|x86.Build.0 = Release|Win32
		{1A03FEB1-BBA5-44F7-8669-ED45C3C820E4}.Debug|x64.ActiveCfg = Debug|x64
		{1A03FEB1-BBA5-44F7-8669-ED45C3C820E4}.Debug|x64.Build.0 = Debug|x64
		{1A03FEB1-BBA5-44F7-8669-ED45C3C820E4}.Debug|x86.ActiveCfg = Debug|Win32
		{1A03FEB1-BBA5-44F7-8669-ED45C3C820E4}.Debug|x86.Build.0 = Debug|Win32
		{1A03FEB1-BBA5-44F7-8669-ED45C3C820E4}.Release|x64.ActiveCfg = Release|x64
		{1A03FEB1-BBA5-44F7-8669-ED45C3C820E4}.Release|x64.Build.0 = Release|x64
		{1A03FEB1-BBA5-44F7-8669-ED45C3C820E4}.Release|x86.ActiveCfg = Release|Win32
		{1A03FEB1-BBA5-44F7-8669-ED45C3C820E4}.Release|x86.Build.0 = Release|Win32
		{FF22438D-A418-424E-9C1B-804F00368821}.Debug|x64.ActiveCfg = Debug|x64
		{FF22438D-A418-424E-9C1B-804F00368821}.Debug|x64.Build.0 = Debug|x64
		{FF22438D-A418-424E-9C1B-804F00368821}.Debug|x86.ActiveCfg = Debug|Win32
		{FF22438D-A418-424E-9C1B-804F00368821}.Debug|x86.Build.0 = Debug|Win32
		{FF22438D-A418-424E-9C1B-804F00368821}.Release|x64.ActiveCfg = Release|x64
		{FF22438D-A418-424E-9C1B-804F00368821}.Release|x64.Build.0 = Release|x64
		{FF22438D-A418-424E-9C1B-804F00368821}.Release|x86.ActiveCfg = Release|Win32
		{FF22438D-A418-424E-9C1B-804F00368821}.Release|x86.Build.0 = Release|Win32
	EndGlobalSection
	GlobalSection(SolutionProperties) = preSolution
		HideSolutionNode = FALSE
	EndGlobalSection
	GlobalSection(NestedProjects) = preSolution
		{E4C8AB2C-9257-4F03-A26B-55AE11B95C2B} = {09FA4745-5F58-490A-9A7C-1BF2D1CFEA58}
	EndGlobalSection
EndGlobal
